
Microsoft Visual Studio Solution File, Format Version 12.00
# Visual Studio 15
VisualStudioVersion = 15.0.27130.2010
MinimumVisualStudioVersion = 10.0.40219.1
Project("{9A19103F-16F7-4668-BE54-9A1E7A4F7556}") = "ServerlessAspNetCore", "ServerlessAspNetCore\ServerlessAspNetCore.csproj", "{35047DD2-7B17-4AA9-A96A-A0A59739DC81}"
EndProject
Global
	GlobalSection(SolutionConfigurationPlatforms) = preSolution
		Debug|Any CPU = Debug|Any CPU
		Release|Any CPU = Release|Any CPU
	EndGlobalSection
	GlobalSection(ProjectConfigurationPlatforms) = postSolution
		{35047DD2-7B17-4AA9-A96A-A0A59739DC81}.Debug|Any CPU.ActiveCfg = Debug|Any CPU
		{35047DD2-7B17-4AA9-A96A-A0A59739DC81}.Debug|Any CPU.Build.0 = Debug|Any CPU
		{35047DD2-7B17-4AA9-A96A-A0A59739DC81}.Release|Any CPU.ActiveCfg = Release|Any CPU
		{35047DD2-7B17-4AA9-A96A-A0A59739DC81}.Release|Any CPU.Build.0 = Release|Any CPU
	EndGlobalSection
	GlobalSection(SolutionProperties) = preSolution
		HideSolutionNode = FALSE
	EndGlobalSection
	GlobalSection(ExtensibilityGlobals) = postSolution
		SolutionGuid = {54DCEB0A-B432-4985-8195-9C50C6FD792D}
	EndGlobalSection
EndGlobal
